{
  "name": "loan",
  "requires": true,
  "lockfileVersion": 1,
  "dependencies": {
    "bootstrap": {
      "version": "4.4.1",
      "resolved": "https://registry.npm.taobao.org/bootstrap/download/bootstrap-4.4.1.tgz",
      "integrity": "sha1-hYKWDuoMXNK+3oTYsLrzeJw+iwE="
    },
    "inputmask": {
      "version": "4.0.9",
      "resolved": "https://registry.npm.taobao.org/inputmask/download/inputmask-4.0.9.tgz",
      "integrity": "sha1-pg/EbO5So1oLpfULXMo6ZzPs4Yw="
    },
    "jquery": {
      "version": "3.4.1",
      "resolved": "https://registry.npm.taobao.org/jquery/download/jquery-3.4.1.tgz",
      "integrity": "sha1-cU8fjZ3eS9+lV2S6N+8hRjDYDvI="
    },
    "jquery-treegrid": {
      "version": "0.3.0",
      "resolved": "https://registry.npm.taobao.org/jquery-treegrid/download/jquery-treegrid-0.3.0.tgz",
      "integrity": "sha1-5EXU54nL2F7ARe1GcZLXCyqxidM="
    },
    "jquery-ui": {
      "version": "1.12.1",
      "resolved": "https://registry.npm.taobao.org/jquery-ui/download/jquery-ui-1.12.1.tgz",
      "integrity": "sha1-vLQEXI3QU5wTS8FIjN0+dop6nlE="
    },
    "popper.js": {
      "version": "1.16.0",
      "resolved": "https://registry.npm.taobao.org/popper.js/download/popper.js-1.16.0.tgz",
      "integrity": "sha1-LhgWvLuqUY6mwuFaRm9Mucbi+7M="
    },
    "punycode": {
      "version": "2.1.1",
      "resolved": "https://registry.npm.taobao.org/punycode/download/punycode-2.1.1.tgz",
      "integrity": "sha1-tYsBCsQMIsVldhbI0sLALHv0eew="
    },
    "typeahead.js": {
      "version": "0.11.1",
      "resolved": "https://registry.npm.taobao.org/typeahead.js/download/typeahead.js-0.11.1.tgz",
      "integrity": "sha1-TmTmcbIjEKhgb0rsgFkkuoSwFbg=",
      "requires": {
        "jquery": ">=1.7"
      }
    },
    "yii2-pjax": {
      "version": "2.0.7",
      "resolved": "https://registry.npm.taobao.org/yii2-pjax/download/yii2-pjax-2.0.7.tgz",
      "integrity": "sha1-/h+DUK7RwRxuzdFNra0DvYsTsZo="
    }
  }
}
